// !$*UTF8*$!
{
	archiveVersion = 1;
	classes = {
	};
	objectVersion = 46;
	objects = {

/* Begin PBXBuildFile section */
		2716146B1CC1FB230040DB11 /* Chomp.wav in Resources */ = {isa = PBXBuildFile; fileRef = 271614651CC1FB230040DB11 /* Chomp.wav */; };
		2716146C1CC1FB230040DB11 /* Drip.wav in Resources */ = {isa = PBXBuildFile; fileRef = 271614661CC1FB230040DB11 /* Drip.wav */; };
		2716146D1CC1FB230040DB11 /* Ka-Ching.wav in Resources */ = {isa = PBXBuildFile; fileRef = 271614671CC1FB230040DB11 /* Ka-Ching.wav */; };
		2716146E1CC1FB230040DB11 /* Scrape.wav in Resources */ = {isa = PBXBuildFile; fileRef = 271614681CC1FB230040DB11 /* Scrape.wav */; };
		2716146F1CC1FB230040DB11 /* Error.wav in Resources */ = {isa = PBXBuildFile; fileRef = 271614691CC1FB230040DB11 /* Error.wav */; };
		271614701CC1FB230040DB11 /* Mining by Moonlight.mp3 in Resources */ = {isa = PBXBuildFile; fileRef = 2716146A1CC1FB230040DB11 /* Mining by Moonlight.mp3 */; };
		271614731CC1FCF50040DB11 /* Chain.swift in Sources */ = {isa = PBXBuildFile; fileRef = 271614721CC1FCF50040DB11 /* Chain.swift */; };
		271978F11CB9709F009EB9F3 /* Tile.swift in Sources */ = {isa = PBXBuildFile; fileRef = 271978F01CB9709F009EB9F3 /* Tile.swift */; };
		271978F31CB97628009EB9F3 /* Extensions.swift in Sources */ = {isa = PBXBuildFile; fileRef = 271978F21CB97628009EB9F3 /* Extensions.swift */; };
		271978F91CB9EC4D009EB9F3 /* Level_0.json in Resources */ = {isa = PBXBuildFile; fileRef = 271978F41CB9EC4D009EB9F3 /* Level_0.json */; };
		271978FA1CB9EC4D009EB9F3 /* Level_1.json in Resources */ = {isa = PBXBuildFile; fileRef = 271978F51CB9EC4D009EB9F3 /* Level_1.json */; };
		271978FB1CB9EC4D009EB9F3 /* Level_3.json in Resources */ = {isa = PBXBuildFile; fileRef = 271978F61CB9EC4D009EB9F3 /* Level_3.json */; };
		271978FC1CB9EC4D009EB9F3 /* Level_2.json in Resources */ = {isa = PBXBuildFile; fileRef = 271978F71CB9EC4D009EB9F3 /* Level_2.json */; };
		271978FD1CB9EC4D009EB9F3 /* Level_4.json in Resources */ = {isa = PBXBuildFile; fileRef = 271978F81CB9EC4D009EB9F3 /* Level_4.json */; };
		278170A61CBACA63001C31BE /* Swap.swift in Sources */ = {isa = PBXBuildFile; fileRef = 278170A51CBACA63001C31BE /* Swap.swift */; };
		278B42DE1CB4982E00B47AE9 /* Cookie.swift in Sources */ = {isa = PBXBuildFile; fileRef = 278B42DD1CB4982E00B47AE9 /* Cookie.swift */; };
		278B42E01CB49EE700B47AE9 /* Array2D.swift in Sources */ = {isa = PBXBuildFile; fileRef = 278B42DF1CB49EE700B47AE9 /* Array2D.swift */; };
		278B42E21CB4A3A200B47AE9 /* Level.swift in Sources */ = {isa = PBXBuildFile; fileRef = 278B42E11CB4A3A200B47AE9 /* Level.swift */; };
		278B42E41CB4AE7A00B47AE9 /* Sprites.atlas in Resources */ = {isa = PBXBuildFile; fileRef = 278B42E31CB4AE7A00B47AE9 /* Sprites.atlas */; };
		27A5FC381CC430520013C41E /* Grid.atlas in Resources */ = {isa = PBXBuildFile; fileRef = 27A5FC371CC430520013C41E /* Grid.atlas */; };
		27A5FC3A1CC4847B0013C41E /* Level_5.json in Resources */ = {isa = PBXBuildFile; fileRef = 27A5FC391CC4847B0013C41E /* Level_5.json */; };
		27A5FC3C1CC48E400013C41E /* Level_6.json in Resources */ = {isa = PBXBuildFile; fileRef = 27A5FC3B1CC48E400013C41E /* Level_6.json */; };
		27A8F10F1CB0A728005C31DC /* AppDelegate.swift in Sources */ = {isa = PBXBuildFile; fileRef = 27A8F10E1CB0A728005C31DC /* AppDelegate.swift */; };
		27A8F1131CB0A728005C31DC /* GameScene.swift in Sources */ = {isa = PBXBuildFile; fileRef = 27A8F1121CB0A728005C31DC /* GameScene.swift */; };
		27A8F1151CB0A728005C31DC /* GameViewController.swift in Sources */ = {isa = PBXBuildFile; fileRef = 27A8F1141CB0A728005C31DC /* GameViewController.swift */; };
		27A8F1181CB0A728005C31DC /* Main.storyboard in Resources */ = {isa = PBXBuildFile; fileRef = 27A8F1161CB0A728005C31DC /* Main.storyboard */; };
		27A8F11A1CB0A728005C31DC /* Assets.xcassets in Resources */ = {isa = PBXBuildFile; fileRef = 27A8F1191CB0A728005C31DC /* Assets.xcassets */; };
		27C8542C1D92FD3800DF6208 /* Launch Screen.storyboard in Resources */ = {isa = PBXBuildFile; fileRef = 27C8542A1D92FD3800DF6208 /* Launch Screen.storyboard */; };
/* End PBXBuildFile section */

/* Begin PBXFileReference section */
		271614651CC1FB230040DB11 /* Chomp.wav */ = {isa = PBXFileReference; lastKnownFileType = audio.wav; path = Chomp.wav; sourceTree = "<group>"; };
		271614661CC1FB230040DB11 /* Drip.wav */ = {isa = PBXFileReference; lastKnownFileType = audio.wav; path = Drip.wav; sourceTree = "<group>"; };
		271614671CC1FB230040DB11 /* Ka-Ching.wav */ = {isa = PBXFileReference; lastKnownFileType = audio.wav; path = "Ka-Ching.wav"; sourceTree = "<group>"; };
		271614681CC1FB230040DB11 /* Scrape.wav */ = {isa = PBXFileReference; lastKnownFileType = audio.wav; path = Scrape.wav; sourceTree = "<group>"; };
		271614691CC1FB230040DB11 /* Error.wav */ = {isa = PBXFileReference; lastKnownFileType = audio.wav; path = Error.wav; sourceTree = "<group>"; };
		2716146A1CC1FB230040DB11 /* Mining by Moonlight.mp3 */ = {isa = PBXFileReference; lastKnownFileType = audio.mp3; path = "Mining by Moonlight.mp3"; sourceTree = "<group>"; };
		271614721CC1FCF50040DB11 /* Chain.swift */ = {isa = PBXFileReference; fileEncoding = 4; lastKnownFileType = sourcecode.swift; path = Chain.swift; sourceTree = "<group>"; };
		271978F01CB9709F009EB9F3 /* Tile.swift */ = {isa = PBXFileReference; fileEncoding = 4; lastKnownFileType = sourcecode.swift; path = Tile.swift; sourceTree = "<group>"; };
		271978F21CB97628009EB9F3 /* Extensions.swift */ = {isa = PBXFileReference; fileEncoding = 4; lastKnownFileType = sourcecode.swift; path = Extensions.swift; sourceTree = "<group>"; };
		271978F41CB9EC4D009EB9F3 /* Level_0.json */ = {isa = PBXFileReference; fileEncoding = 4; lastKnownFileType = text.json; path = Level_0.json; sourceTree = "<group>"; };
		271978F51CB9EC4D009EB9F3 /* Level_1.json */ = {isa = PBXFileReference; fileEncoding = 4; lastKnownFileType = text.json; path = Level_1.json; sourceTree = "<group>"; };
		271978F61CB9EC4D009EB9F3 /* Level_3.json */ = {isa = PBXFileReference; fileEncoding = 4; lastKnownFileType = text.json; path = Level_3.json; sourceTree = "<group>"; };
		271978F71CB9EC4D009EB9F3 /* Level_2.json */ = {isa = PBXFileReference; fileEncoding = 4; lastKnownFileType = text.json; path = Level_2.json; sourceTree = "<group>"; };
		271978F81CB9EC4D009EB9F3 /* Level_4.json */ = {isa = PBXFileReference; fileEncoding = 4; lastKnownFileType = text.json; path = Level_4.json; sourceTree = "<group>"; };
		278170A51CBACA63001C31BE /* Swap.swift */ = {isa = PBXFileReference; fileEncoding = 4; lastKnownFileType = sourcecode.swift; path = Swap.swift; sourceTree = "<group>"; };
		278B42DD1CB4982E00B47AE9 /* Cookie.swift */ = {isa = PBXFileReference; fileEncoding = 4; lastKnownFileType = sourcecode.swift; path = Cookie.swift; sourceTree = "<group>"; };
		278B42DF1CB49EE700B47AE9 /* Array2D.swift */ = {isa = PBXFileReference; fileEncoding = 4; lastKnownFileType = sourcecode.swift; path = Array2D.swift; sourceTree = "<group>"; };
		278B42E11CB4A3A200B47AE9 /* Level.swift */ = {isa = PBXFileReference; fileEncoding = 4; lastKnownFileType = sourcecode.swift; path = Level.swift; sourceTree = "<group>"; };
		278B42E31CB4AE7A00B47AE9 /* Sprites.atlas */ = {isa = PBXFileReference; lastKnownFileType = folder.skatlas; path = Sprites.atlas; sourceTree = "<group>"; };
		27A5FC371CC430520013C41E /* Grid.atlas */ = {isa = PBXFileReference; lastKnownFileType = folder.skatlas; path = Grid.atlas; sourceTree = "<group>"; };
		27A5FC391CC4847B0013C41E /* Level_5.json */ = {isa = PBXFileReference; fileEncoding = 4; lastKnownFileType = text.json; path = Level_5.json; sourceTree = "<group>"; };
		27A5FC3B1CC48E400013C41E /* Level_6.json */ = {isa = PBXFileReference; fileEncoding = 4; lastKnownFileType = text.json; path = Level_6.json; sourceTree = "<group>"; };
		27A8F10B1CB0A727005C31DC /* CookieCrunch.app */ = {isa = PBXFileReference; explicitFileType = wrapper.application; includeInIndex = 0; path = CookieCrunch.app; sourceTree = BUILT_PRODUCTS_DIR; };
		27A8F10E1CB0A728005C31DC /* AppDelegate.swift */ = {isa = PBXFileReference; lastKnownFileType = sourcecode.swift; path = AppDelegate.swift; sourceTree = "<group>"; };
		27A8F1121CB0A728005C31DC /* GameScene.swift */ = {isa = PBXFileReference; lastKnownFileType = sourcecode.swift; path = GameScene.swift; sourceTree = "<group>"; };
		27A8F1141CB0A728005C31DC /* GameViewController.swift */ = {isa = PBXFileReference; lastKnownFileType = sourcecode.swift; path = GameViewController.swift; sourceTree = "<group>"; };
		27A8F1171CB0A728005C31DC /* Base */ = {isa = PBXFileReference; lastKnownFileType = file.storyboard; name = Base; path = Base.lproj/Main.storyboard; sourceTree = "<group>"; };
		27A8F1191CB0A728005C31DC /* Assets.xcassets */ = {isa = PBXFileReference; lastKnownFileType = folder.assetcatalog; path = Assets.xcassets; sourceTree = "<group>"; };
		27A8F11E1CB0A728005C31DC /* Info.plist */ = {isa = PBXFileReference; lastKnownFileType = text.plist.xml; path = Info.plist; sourceTree = "<group>"; };
		27C8542B1D92FD3800DF6208 /* Base */ = {isa = PBXFileReference; lastKnownFileType = file.storyboard; name = Base; path = "CookieCrunch/Base.lproj/Launch Screen.storyboard"; sourceTree = "<group>"; };
/* End PBXFileReference section */

/* Begin PBXFrameworksBuildPhase section */
		27A8F1081CB0A727005C31DC /* Frameworks */ = {
			isa = PBXFrameworksBuildPhase;
			buildActionMask = 2147483647;
			files = (
			);
			runOnlyForDeploymentPostprocessing = 0;
		};
/* End PBXFrameworksBuildPhase section */

/* Begin PBXGroup section */
		271614711CC1FB2C0040DB11 /* Sounds */ = {
			isa = PBXGroup;
			children = (
				271614651CC1FB230040DB11 /* Chomp.wav */,
				271614661CC1FB230040DB11 /* Drip.wav */,
				271614671CC1FB230040DB11 /* Ka-Ching.wav */,
				271614681CC1FB230040DB11 /* Scrape.wav */,
				271614691CC1FB230040DB11 /* Error.wav */,
				2716146A1CC1FB230040DB11 /* Mining by Moonlight.mp3 */,
			);
			name = Sounds;
			sourceTree = "<group>";
		};
		271978FE1CB9EC57009EB9F3 /* Levels */ = {
			isa = PBXGroup;
			children = (
				271978F41CB9EC4D009EB9F3 /* Level_0.json */,
				271978F51CB9EC4D009EB9F3 /* Level_1.json */,
				271978F71CB9EC4D009EB9F3 /* Level_2.json */,
				271978F61CB9EC4D009EB9F3 /* Level_3.json */,
				271978F81CB9EC4D009EB9F3 /* Level_4.json */,
				27A5FC391CC4847B0013C41E /* Level_5.json */,
				27A5FC3B1CC48E400013C41E /* Level_6.json */,
			);
			name = Levels;
			sourceTree = "<group>";
		};
		27A8F1021CB0A727005C31DC = {
			isa = PBXGroup;
			children = (
				27A8F10D1CB0A728005C31DC /* CookieCrunch */,
				27A8F10C1CB0A727005C31DC /* Products */,
			);
			sourceTree = "<group>";
		};
		27A8F10C1CB0A727005C31DC /* Products */ = {
			isa = PBXGroup;
			children = (
				27A8F10B1CB0A727005C31DC /* CookieCrunch.app */,
			);
			name = Products;
			sourceTree = "<group>";
		};
		27A8F10D1CB0A728005C31DC /* CookieCrunch */ = {
			isa = PBXGroup;
			children = (
				27A8F10E1CB0A728005C31DC /* AppDelegate.swift */,
				27A8F1121CB0A728005C31DC /* GameScene.swift */,
				271614721CC1FCF50040DB11 /* Chain.swift */,
				278170A51CBACA63001C31BE /* Swap.swift */,
				27A8F1141CB0A728005C31DC /* GameViewController.swift */,
				271978F01CB9709F009EB9F3 /* Tile.swift */,
				278B42DD1CB4982E00B47AE9 /* Cookie.swift */,
				278B42DF1CB49EE700B47AE9 /* Array2D.swift */,
				278B42E11CB4A3A200B47AE9 /* Level.swift */,
				271978F21CB97628009EB9F3 /* Extensions.swift */,
				27A8F1161CB0A728005C31DC /* Main.storyboard */,
				27C8542A1D92FD3800DF6208 /* Launch Screen.storyboard */,
				27A8F1191CB0A728005C31DC /* Assets.xcassets */,
				278B42E31CB4AE7A00B47AE9 /* Sprites.atlas */,
				27A5FC371CC430520013C41E /* Grid.atlas */,
				271978FE1CB9EC57009EB9F3 /* Levels */,
				271614711CC1FB2C0040DB11 /* Sounds */,
				27A8F11E1CB0A728005C31DC /* Info.plist */,
			);
			path = CookieCrunch;
			sourceTree = "<group>";
		};
/* End PBXGroup section */

/* Begin PBXNativeTarget section */
		27A8F10A1CB0A727005C31DC /* CookieCrunch */ = {
			isa = PBXNativeTarget;
			buildConfigurationList = 27A8F1211CB0A728005C31DC /* Build configuration list for PBXNativeTarget "CookieCrunch" */;
			buildPhases = (
				27A8F1071CB0A727005C31DC /* Sources */,
				27A8F1081CB0A727005C31DC /* Frameworks */,
				27A8F1091CB0A727005C31DC /* Resources */,
			);
			buildRules = (
			);
			dependencies = (
			);
			name = CookieCrunch;
			productName = CookieCrunch;
			productReference = 27A8F10B1CB0A727005C31DC /* CookieCrunch.app */;
			productType = "com.apple.product-type.application";
		};
/* End PBXNativeTarget section */

/* Begin PBXProject section */
		27A8F1031CB0A727005C31DC /* Project object */ = {
			isa = PBXProject;
			attributes = {
				LastSwiftUpdateCheck = 0730;
				LastUpgradeCheck = 0800;
				ORGANIZATIONNAME = Jeremiah;
				TargetAttributes = {
					27A8F10A1CB0A727005C31DC = {
						CreatedOnToolsVersion = 7.3;
						DevelopmentTeam = MKUZL7K22B;
						LastSwiftMigration = 0800;
					};
				};
			};
			buildConfigurationList = 27A8F1061CB0A727005C31DC /* Build configuration list for PBXProject "CookieCrunch" */;
			compatibilityVersion = "Xcode 3.2";
			developmentRegion = English;
			hasScannedForEncodings = 0;
			knownRegions = (
				en,
				Base,
			);
			mainGroup = 27A8F1021CB0A727005C31DC;
			productRefGroup = 27A8F10C1CB0A727005C31DC /* Products */;
			projectDirPath = "";
			projectRoot = "";
			targets = (
				27A8F10A1CB0A727005C31DC /* CookieCrunch */,
			);
		};
/* End PBXProject section */

/* Begin PBXResourcesBuildPhase section */
		27A8F1091CB0A727005C31DC /* Resources */ = {
			isa = PBXResourcesBuildPhase;
			buildActionMask = 2147483647;
			files = (
				27A8F11A1CB0A728005C31DC /* Assets.xcassets in Resources */,
				27A5FC3C1CC48E400013C41E /* Level_6.json in Resources */,
				2716146C1CC1FB230040DB11 /* Drip.wav in Resources */,
				2716146D1CC1FB230040DB11 /* Ka-Ching.wav in Resources */,
				27A5FC381CC430520013C41E /* Grid.atlas in Resources */,
				271978FD1CB9EC4D009EB9F3 /* Level_4.json in Resources */,
				271978FB1CB9EC4D009EB9F3 /* Level_3.json in Resources */,
				271978F91CB9EC4D009EB9F3 /* Level_0.json in Resources */,
				2716146B1CC1FB230040DB11 /* Chomp.wav in Resources */,
				278B42E41CB4AE7A00B47AE9 /* Sprites.atlas in Resources */,
				2716146F1CC1FB230040DB11 /* Error.wav in Resources */,
				271978FA1CB9EC4D009EB9F3 /* Level_1.json in Resources */,
				27C8542C1D92FD3800DF6208 /* Launch Screen.storyboard in Resources */,
				271978FC1CB9EC4D009EB9F3 /* Level_2.json in Resources */,
				27A5FC3A1CC4847B0013C41E /* Level_5.json in Resources */,
				27A8F1181CB0A728005C31DC /* Main.storyboard in Resources */,
				271614701CC1FB230040DB11 /* Mining by Moonlight.mp3 in Resources */,
				2716146E1CC1FB230040DB11 /* Scrape.wav in Resources */,
			);
			runOnlyForDeploymentPostprocessing = 0;
		};
/* End PBXResourcesBuildPhase section */

/* Begin PBXSourcesBuildPhase section */
		27A8F1071CB0A727005C31DC /* Sources */ = {
			isa = PBXSourcesBuildPhase;
			buildActionMask = 2147483647;
			files = (
				278B42E21CB4A3A200B47AE9 /* Level.swift in Sources */,
				27A8F1131CB0A728005C31DC /* GameScene.swift in Sources */,
				278B42DE1CB4982E00B47AE9 /* Cookie.swift in Sources */,
				271978F31CB97628009EB9F3 /* Extensions.swift in Sources */,
				271978F11CB9709F009EB9F3 /* Tile.swift in Sources */,
				271614731CC1FCF50040DB11 /* Chain.swift in Sources */,
				27A8F1151CB0A728005C31DC /* GameViewController.swift in Sources */,
				27A8F10F1CB0A728005C31DC /* AppDelegate.swift in Sources */,
				278B42E01CB49EE700B47AE9 /* Array2D.swift in Sources */,
				278170A61CBACA63001C31BE /* Swap.swift in Sources */,
			);
			runOnlyForDeploymentPostprocessing = 0;
		};
/* End PBXSourcesBuildPhase section */

/* Begin PBXVariantGroup section */
		27A8F1161CB0A728005C31DC /* Main.storyboard */ = {
			isa = PBXVariantGroup;
			children = (
				27A8F1171CB0A728005C31DC /* Base */,
			);
			name = Main.storyboard;
			sourceTree = "<group>";
		};
		27C8542A1D92FD3800DF6208 /* Launch Screen.storyboard */ = {
			isa = PBXVariantGroup;
			children = (
				27C8542B1D92FD3800DF6208 /* Base */,
			);
			name = "Launch Screen.storyboard";
			path = ..;
			sourceTree = "<group>";
		};
/* End PBXVariantGroup section */

/* Begin XCBuildConfiguration section */
		27A8F11F1CB0A728005C31DC /* Debug */ = {
			isa = XCBuildConfiguration;
			buildSettings = {
				ALWAYS_SEARCH_USER_PATHS = NO;
				CLANG_ANALYZER_NONNULL = YES;
				CLANG_CXX_LANGUAGE_STANDARD = "gnu++0x";
				CLANG_CXX_LIBRARY = "libc++";
				CLANG_ENABLE_MODULES = YES;
				CLANG_ENABLE_OBJC_ARC = YES;
				CLANG_WARN_BOOL_CONVERSION = YES;
				CLANG_WARN_CONSTANT_CONVERSION = YES;
				CLANG_WARN_DIRECT_OBJC_ISA_USAGE = YES_ERROR;
				CLANG_WARN_EMPTY_BODY = YES;
				CLANG_WARN_ENUM_CONVERSION = YES;
				CLANG_WARN_INFINITE_RECURSION = YES;
				CLANG_WARN_INT_CONVERSION = YES;
				CLANG_WARN_OBJC_ROOT_CLASS = YES_ERROR;
				CLANG_WARN_SUSPICIOUS_MOVE = YES;
				CLANG_WARN_UNREACHABLE_CODE = YES;
				CLANG_WARN__DUPLICATE_METHOD_MATCH = YES;
				"CODE_SIGN_IDENTITY[sdk=iphoneos*]" = "iPhone Developer";
				COPY_PHASE_STRIP = NO;
				DEBUG_INFORMATION_FORMAT = "dwarf-with-dsym";
				ENABLE_STRICT_OBJC_MSGSEND = YES;
				ENABLE_TESTABILITY = YES;
				GCC_C_LANGUAGE_STANDARD = gnu99;
				GCC_DYNAMIC_NO_PIC = NO;
				GCC_NO_COMMON_BLOCKS = YES;
				GCC_OPTIMIZATION_LEVEL = 0;
				GCC_PREPROCESSOR_DEFINITIONS = (
					"DEBUG=1",
					"$(inherited)",
				);
				GCC_WARN_64_TO_32_BIT_CONVERSION = YES;
				GCC_WARN_ABOUT_RETURN_TYPE = YES_ERROR;
				GCC_WARN_UNDECLARED_SELECTOR = YES;
				GCC_WARN_UNINITIALIZED_AUTOS = YES_AGGRESSIVE;
				GCC_WARN_UNUSED_FUNCTION = YES;
				GCC_WARN_UNUSED_VARIABLE = YES;
				IPHONEOS_DEPLOYMENT_TARGET = 10.0;
				MTL_ENABLE_DEBUG_INFO = YES;
				ONLY_ACTIVE_ARCH = YES;
				SDKROOT = iphoneos;
				SWIFT_OPTIMIZATION_LEVEL = "-Onone";
				TARGETED_DEVICE_FAMILY = "1,2";
			};
			name = Debug;
		};
		27A8F1201CB0A728005C31DC /* Release */ = {
			isa = XCBuildConfiguration;
			buildSettings = {
				ALWAYS_SEARCH_USER_PATHS = NO;
				CLANG_ANALYZER_NONNULL = YES;
				CLANG_CXX_LANGUAGE_STANDARD = "gnu++0x";
				CLANG_CXX_LIBRARY = "libc++";
				CLANG_ENABLE_MODULES = YES;
				CLANG_ENABLE_OBJC_ARC = YES;
				CLANG_WARN_BOOL_CONVERSION = YES;
				CLANG_WARN_CONSTANT_CONVERSION = YES;
				CLANG_WARN_DIRECT_OBJC_ISA_USAGE = YES_ERROR;
				CLANG_WARN_EMPTY_BODY = YES;
				CLANG_WARN_ENUM_CONVERSION = YES;
				CLANG_WARN_INFINITE_RECURSION = YES;
				CLANG_WARN_INT_CONVERSION = YES;
				CLANG_WARN_OBJC_ROOT_CLASS = YES_ERROR;
				CLANG_WARN_SUSPICIOUS_MOVE = YES;
				CLANG_WARN_UNREACHABLE_CODE = YES;
				CLANG_WARN__DUPLICATE_METHOD_MATCH = YES;
				"CODE_SIGN_IDENTITY[sdk=iphoneos*]" = "iPhone Developer";
				COPY_PHASE_STRIP = NO;
				DEBUG_INFORMATION_FORMAT = "dwarf-with-dsym";
				ENABLE_NS_ASSERTIONS = NO;
				ENABLE_STRICT_OBJC_MSGSEND = YES;
				GCC_C_LANGUAGE_STANDARD = gnu99;
				GCC_NO_COMMON_BLOCKS = YES;
				GCC_WARN_64_TO_32_BIT_CONVERSION = YES;
				GCC_WARN_ABOUT_RETURN_TYPE = YES_ERROR;
				GCC_WARN_UNDECLARED_SELECTOR = YES;
				GCC_WARN_UNINITIALIZED_AUTOS = YES_AGGRESSIVE;
				GCC_WARN_UNUSED_FUNCTION = YES;
				GCC_WARN_UNUSED_VARIABLE = YES;
				IPHONEOS_DEPLOYMENT_TARGET = 10.0;
				MTL_ENABLE_DEBUG_INFO = NO;
				SDKROOT = iphoneos;
				SWIFT_OPTIMIZATION_LEVEL = "-Owholemodule";
				TARGETED_DEVICE_FAMILY = "1,2";
				VALIDATE_PRODUCT = YES;
			};
			name = Release;
		};
		27A8F1221CB0A728005C31DC /* Debug */ = {
			isa = XCBuildConfiguration;
			buildSettings = {
				ASSETCATALOG_COMPILER_APPICON_NAME = AppIcon;
				CODE_SIGN_IDENTITY = "iPhone Developer";
				INFOPLIST_FILE = CookieCrunch/Info.plist;
				LD_RUNPATH_SEARCH_PATHS = "$(inherited) @executable_path/Frameworks";
				PRODUCT_BUNDLE_IDENTIFIER = JJO.CookieCrunch;
				PRODUCT_NAME = "$(TARGET_NAME)";
				SWIFT_VERSION = 2.3;
			};
			name = Debug;
		};
		27A8F1231CB0A728005C31DC /* Release */ = {
			isa = XCBuildConfiguration;
			buildSettings = {
				ASSETCATALOG_COMPILER_APPICON_NAME = AppIcon;
				CODE_SIGN_IDENTITY = "iPhone Developer";
				INFOPLIST_FILE = CookieCrunch/Info.plist;
				LD_RUNPATH_SEARCH_PATHS = "$(inherited) @executable_path/Frameworks";
				PRODUCT_BUNDLE_IDENTIFIER = JJO.CookieCrunch;
				PRODUCT_NAME = "$(TARGET_NAME)";
				SWIFT_VERSION = 2.3;
			};
			name = Release;
		};
/* End XCBuildConfiguration section */

/* Begin XCConfigurationList section */
		27A8F1061CB0A727005C31DC /* Build configuration list for PBXProject "CookieCrunch" */ = {
			isa = XCConfigurationList;
			buildConfigurations = (
				27A8F11F1CB0A728005C31DC /* Debug */,
				27A8F1201CB0A728005C31DC /* Release */,
			);
			defaultConfigurationIsVisible = 0;
			defaultConfigurationName = Release;
		};
		27A8F1211CB0A728005C31DC /* Build configuration list for PBXNativeTarget "CookieCrunch" */ = {
			isa = XCConfigurationList;
			buildConfigurations = (
				27A8F1221CB0A728005C31DC /* Debug */,
				27A8F1231CB0A728005C31DC /* Release */,
			);
			defaultConfigurationIsVisible = 0;
			defaultConfigurationName = Release;
		};
/* End XCConfigurationList section */
	};
	rootObject = 27A8F1031CB0A727005C31DC /* Project object */;
}
